
Microsoft Visual Studio Solution File, Format Version 12.00
# Visual Studio 15
Project("{FAE04EC0-301F-11D3-BF4B-00C04F79EFBC}") = "Assembly-CSharp", "Assembly-CSharp.csproj", "{0CC367BA-4B20-579B-CAED-4C751A73FD4E}"
EndProject
Project("{FAE04EC0-301F-11D3-BF4B-00C04F79EFBC}") = "Assembly-CSharp-Editor", "Assembly-CSharp-Editor.csproj", "{D414C2C1-EE12-A27A-2D91-D80696A99851}"
EndProject
Global
	GlobalSection(SolutionConfigurationPlatforms) = preSolution
		Debug|Any CPU = Debug|Any CPU
		Release|Any CPU = Release|Any CPU
	EndGlobalSection
	GlobalSection(ProjectConfigurationPlatforms) = postSolution
		{0CC367BA-4B20-579B-CAED-4C751A73FD4E}.Debug|Any CPU.ActiveCfg = Debug|Any CPU
		{0CC367BA-4B20-579B-CAED-4C751A73FD4E}.Debug|Any CPU.Build.0 = Debug|Any CPU
		{0CC367BA-4B20-579B-CAED-4C751A73FD4E}.Release|Any CPU.ActiveCfg = Release|Any CPU
		{0CC367BA-4B20-579B-CAED-4C751A73FD4E}.Release|Any CPU.Build.0 = Release|Any CPU
		{D414C2C1-EE12-A27A-2D91-D80696A99851}.Debug|Any CPU.ActiveCfg = Debug|Any CPU
		{D414C2C1-EE12-A27A-2D91-D80696A99851}.Debug|Any CPU.Build.0 = Debug|Any CPU
		{D414C2C1-EE12-A27A-2D91-D80696A99851}.Release|Any CPU.ActiveCfg = Release|Any CPU
		{D414C2C1-EE12-A27A-2D91-D80696A99851}.Release|Any CPU.Build.0 = Release|Any CPU
	EndGlobalSection
	GlobalSection(SolutionProperties) = preSolution
		HideSolutionNode = FALSE
	EndGlobalSection
EndGlobal
